
Microsoft Visual Studio Solution File, Format Version 12.00
# Visual Studio Version 17
VisualStudioVersion = 17.10.35013.160
MinimumVisualStudioVersion = 10.0.40219.1
Project("{FAE04EC0-301F-11D3-BF4B-00C04F79EFBC}") = "GTMumbleLink", "GTMumbleLink\GTMumbleLink.csproj", "{AC13E56F-F275-45E5-9F96-38EECFD62800}"
EndProject
Project("{8BC9CEB8-8B4A-11D0-8D11-00A0C91BC942}") = "LinkHelper", "LinkHelper\LinkHelper.vcxproj", "{1F9D9CD6-945C-4742-BC96-14D9CE5684E7}"
EndProject
Global
	GlobalSection(SolutionConfigurationPlatforms) = preSolution
		Debug|Any CPU = Debug|Any CPU
		Debug|x64 = Debug|x64
		Debug|x86 = Debug|x86
		Release|Any CPU = Release|Any CPU
		Release|x64 = Release|x64
		Release|x86 = Release|x86
	EndGlobalSection
	GlobalSection(ProjectConfigurationPlatforms) = postSolution
		{AC13E56F-F275-45E5-9F96-38EECFD62800}.Debug|Any CPU.ActiveCfg = Debug|Any CPU
		{AC13E56F-F275-45E5-9F96-38EECFD62800}.Debug|Any CPU.Build.0 = Debug|Any CPU
		{AC13E56F-F275-45E5-9F96-38EECFD62800}.Debug|x64.ActiveCfg = Debug|Any CPU
		{AC13E56F-F275-45E5-9F96-38EECFD62800}.Debug|x64.Build.0 = Debug|Any CPU
		{AC13E56F-F275-45E5-9F96-38EECFD62800}.Debug|x86.ActiveCfg = Debug|Any CPU
		{AC13E56F-F275-45E5-9F96-38EECFD62800}.Debug|x86.Build.0 = Debug|Any CPU
		{AC13E56F-F275-45E5-9F96-38EECFD62800}.Release|Any CPU.ActiveCfg = Release|Any CPU
		{AC13E56F-F275-45E5-9F96-38EECFD62800}.Release|Any CPU.Build.0 = Release|Any CPU
		{AC13E56F-F275-45E5-9F96-38EECFD62800}.Release|x64.ActiveCfg = Release|Any CPU
		{AC13E56F-F275-45E5-9F96-38EECFD62800}.Release|x64.Build.0 = Release|Any CPU
		{AC13E56F-F275-45E5-9F96-38EECFD62800}.Release|x86.ActiveCfg = Release|Any CPU
		{AC13E56F-F275-45E5-9F96-38EECFD62800}.Release|x86.Build.0 = Release|Any CPU
		{1F9D9CD6-945C-4742-BC96-14D9CE5684E7}.Debug|Any CPU.ActiveCfg = Debug|x64
		{1F9D9CD6-945C-4742-BC96-14D9CE5684E7}.Debug|Any CPU.Build.0 = Debug|x64
		{1F9D9CD6-945C-4742-BC96-14D9CE5684E7}.Debug|x64.ActiveCfg = Debug|x64
		{1F9D9CD6-945C-4742-BC96-14D9CE5684E7}.Debug|x64.Build.0 = Debug|x64
		{1F9D9CD6-945C-4742-BC96-14D9CE5684E7}.Debug|x86.ActiveCfg = Debug|Win32
		{1F9D9CD6-945C-4742-BC96-14D9CE5684E7}.Debug|x86.Build.0 = Debug|Win32
		{1F9D9CD6-945C-4742-BC96-14D9CE5684E7}.Release|Any CPU.ActiveCfg = Release|x64
		{1F9D9CD6-945C-4742-BC96-14D9CE5684E7}.Release|Any CPU.Build.0 = Release|x64
		{1F9D9CD6-945C-4742-BC96-14D9CE5684E7}.Release|x64.ActiveCfg = Release|x64
		{1F9D9CD6-945C-4742-BC96-14D9CE5684E7}.Release|x64.Build.0 = Release|x64
		{1F9D9CD6-945C-4742-BC96-14D9CE5684E7}.Release|x86.ActiveCfg = Release|Win32
		{1F9D9CD6-945C-4742-BC96-14D9CE5684E7}.Release|x86.Build.0 = Release|Win32
	EndGlobalSection
	GlobalSection(SolutionProperties) = preSolution
		HideSolutionNode = FALSE
	EndGlobalSection
	GlobalSection(ExtensibilityGlobals) = postSolution
		SolutionGuid = {DB4B0C19-AF48-4667-A476-B74E30B96210}
	EndGlobalSection
EndGlobal
